// !$*UTF8*$!
{
	archiveVersion = 1;
	classes = {
	};
	objectVersion = 46;
	objects = {

/* Begin PBXBuildFile section */
		6579F97B1AE42759005E55A1 /* telehash.h in Headers */ = {isa = PBXBuildFile; fileRef = 6579F97A1AE42759005E55A1 /* telehash.h */; settings = {ATTRIBUTES = (Public, ); }; };
		6579F9811AE42759005E55A1 /* telehash.framework in Frameworks */ = {isa = PBXBuildFile; fileRef = 6579F9751AE42759005E55A1 /* telehash.framework */; };
		6579F9881AE42759005E55A1 /* telehashTests.m in Sources */ = {isa = PBXBuildFile; fileRef = 6579F9871AE42759005E55A1 /* telehashTests.m */; };
		657D86771B7FA63E009282BE /* THEndpoint.h in Headers */ = {isa = PBXBuildFile; fileRef = 657D86751B7FA63E009282BE /* THEndpoint.h */; };
		657D86781B7FA63E009282BE /* THEndpoint.m in Sources */ = {isa = PBXBuildFile; fileRef = 657D86761B7FA63E009282BE /* THEndpoint.m */; };
		657D867F1B7FA81F009282BE /* THTransportNetworkAdapter.h in Headers */ = {isa = PBXBuildFile; fileRef = 657D867D1B7FA81F009282BE /* THTransportNetworkAdapter.h */; };
		657D86801B7FA81F009282BE /* THTransportNetworkAdapter.m in Sources */ = {isa = PBXBuildFile; fileRef = 657D867E1B7FA81F009282BE /* THTransportNetworkAdapter.m */; };
		657D86831B7FA8C8009282BE /* THMeshConfiguration.h in Headers */ = {isa = PBXBuildFile; fileRef = 657D86811B7FA8C8009282BE /* THMeshConfiguration.h */; };
		657D86841B7FA8C8009282BE /* THMeshConfiguration.m in Sources */ = {isa = PBXBuildFile; fileRef = 657D86821B7FA8C8009282BE /* THMeshConfiguration.m */; };
		657D868C1B84073D009282BE /* GCDAsyncSocket.h in Headers */ = {isa = PBXBuildFile; fileRef = 657D86881B84073D009282BE /* GCDAsyncSocket.h */; };
		657D868D1B84073D009282BE /* GCDAsyncSocket.m in Sources */ = {isa = PBXBuildFile; fileRef = 657D86891B84073D009282BE /* GCDAsyncSocket.m */; };
		657D868E1B84073D009282BE /* GCDAsyncUdpSocket.h in Headers */ = {isa = PBXBuildFile; fileRef = 657D868A1B84073D009282BE /* GCDAsyncUdpSocket.h */; };
		657D868F1B84073D009282BE /* GCDAsyncUdpSocket.m in Sources */ = {isa = PBXBuildFile; fileRef = 657D868B1B84073D009282BE /* GCDAsyncUdpSocket.m */; };
		65A53B9D1B7D160D00150176 /* THMesh.h in Headers */ = {isa = PBXBuildFile; fileRef = 65A53B9B1B7D160D00150176 /* THMesh.h */; };
		65A53B9E1B7D160D00150176 /* THMesh.m in Sources */ = {isa = PBXBuildFile; fileRef = 65A53B9C1B7D160D00150176 /* THMesh.m */; };
		65A53BA11B7D164600150176 /* THTransport.h in Headers */ = {isa = PBXBuildFile; fileRef = 65A53B9F1B7D164600150176 /* THTransport.h */; };
		65A53BA21B7D164600150176 /* THTransport.m in Sources */ = {isa = PBXBuildFile; fileRef = 65A53BA01B7D164600150176 /* THTransport.m */; };
		65A53BAB1B7D171000150176 /* THLink.h in Headers */ = {isa = PBXBuildFile; fileRef = 65A53BA91B7D171000150176 /* THLink.h */; };
		65A53BAC1B7D171000150176 /* THLink.m in Sources */ = {isa = PBXBuildFile; fileRef = 65A53BAA1B7D171000150176 /* THLink.m */; };
		65A53BB01B7D173F00150176 /* THHashname.h in Headers */ = {isa = PBXBuildFile; fileRef = 65A53BAE1B7D173F00150176 /* THHashname.h */; };
		65A53BB11B7D173F00150176 /* THHashname.m in Sources */ = {isa = PBXBuildFile; fileRef = 65A53BAF1B7D173F00150176 /* THHashname.m */; };
		65A53BB51B7D176000150176 /* THPacket.h in Headers */ = {isa = PBXBuildFile; fileRef = 65A53BB31B7D176000150176 /* THPacket.h */; };
		65A53BB61B7D176000150176 /* THPacket.m in Sources */ = {isa = PBXBuildFile; fileRef = 65A53BB41B7D176000150176 /* THPacket.m */; };
		65A53BBB1B7D17F700150176 /* THChannel.h in Headers */ = {isa = PBXBuildFile; fileRef = 65A53BB91B7D17F700150176 /* THChannel.h */; };
		65A53BBC1B7D17F700150176 /* THChannel.m in Sources */ = {isa = PBXBuildFile; fileRef = 65A53BBA1B7D17F700150176 /* THChannel.m */; };
		65A53BCB1B7D199000150176 /* AppDelegate.m in Sources */ = {isa = PBXBuildFile; fileRef = 65A53BCA1B7D199000150176 /* AppDelegate.m */; };
		65A53BCD1B7D199000150176 /* main.m in Sources */ = {isa = PBXBuildFile; fileRef = 65A53BCC1B7D199000150176 /* main.m */; };
		65A53BCF1B7D199000150176 /* Images.xcassets in Resources */ = {isa = PBXBuildFile; fileRef = 65A53BCE1B7D199000150176 /* Images.xcassets */; };
		65A53BD21B7D199000150176 /* MainMenu.xib in Resources */ = {isa = PBXBuildFile; fileRef = 65A53BD01B7D199000150176 /* MainMenu.xib */; };
		65A53BDE1B7D199100150176 /* Telehash_TesterTests.m in Sources */ = {isa = PBXBuildFile; fileRef = 65A53BDD1B7D199100150176 /* Telehash_TesterTests.m */; };
		65A53BE81B7D1C8900150176 /* E3X.h in Headers */ = {isa = PBXBuildFile; fileRef = 65A53BE61B7D1C8900150176 /* E3X.h */; };
		65A53BE91B7D1C8900150176 /* E3X.m in Sources */ = {isa = PBXBuildFile; fileRef = 65A53BE71B7D1C8900150176 /* E3X.m */; };
		65A53BED1B7D1CBF00150176 /* E3X-cs3a.h in Headers */ = {isa = PBXBuildFile; fileRef = 65A53BEB1B7D1CBF00150176 /* E3X-cs3a.h */; };
		65A53BEE1B7D1CBF00150176 /* E3X-cs3a.m in Sources */ = {isa = PBXBuildFile; fileRef = 65A53BEC1B7D1CBF00150176 /* E3X-cs3a.m */; };
		65A53BF11B7D1D6B00150176 /* E3X-cs2a.h in Headers */ = {isa = PBXBuildFile; fileRef = 65A53BEF1B7D1D6B00150176 /* E3X-cs2a.h */; };
		65A53BF21B7D1D6B00150176 /* E3X-cs2a.m in Sources */ = {isa = PBXBuildFile; fileRef = 65A53BF01B7D1D6B00150176 /* E3X-cs2a.m */; };
		65A53BF51B7D1D7800150176 /* E3X-cs1a.h in Headers */ = {isa = PBXBuildFile; fileRef = 65A53BF31B7D1D7800150176 /* E3X-cs1a.h */; };
		65A53BF61B7D1D7800150176 /* E3X-cs1a.m in Sources */ = {isa = PBXBuildFile; fileRef = 65A53BF41B7D1D7800150176 /* E3X-cs1a.m */; };
		65A53BF91B7D1E6700150176 /* THPipe.h in Headers */ = {isa = PBXBuildFile; fileRef = 65A53BF71B7D1E6700150176 /* THPipe.h */; };
		65A53BFA1B7D1E6700150176 /* THPipe.m in Sources */ = {isa = PBXBuildFile; fileRef = 65A53BF81B7D1E6700150176 /* THPipe.m */; };
		65FC87631B7D700E00F18B12 /* THTransportAssistant.h in Headers */ = {isa = PBXBuildFile; fileRef = 65FC87611B7D700E00F18B12 /* THTransportAssistant.h */; };
		65FC87641B7D700E00F18B12 /* THTransportAssistant.m in Sources */ = {isa = PBXBuildFile; fileRef = 65FC87621B7D700E00F18B12 /* THTransportAssistant.m */; };
		65FC876C1B7D743D00F18B12 /* THTransportSerial.h in Headers */ = {isa = PBXBuildFile; fileRef = 65FC876A1B7D743D00F18B12 /* THTransportSerial.h */; };
		65FC876D1B7D743D00F18B12 /* THTransportSerial.m in Sources */ = {isa = PBXBuildFile; fileRef = 65FC876B1B7D743D00F18B12 /* THTransportSerial.m */; };
		65FC876E1B7D743D00F18B12 /* THTransportSerial.m in Sources */ = {isa = PBXBuildFile; fileRef = 65FC876B1B7D743D00F18B12 /* THTransportSerial.m */; };
		65FC87701B7D743D00F18B12 /* THTransportSerial.m in Sources */ = {isa = PBXBuildFile; fileRef = 65FC876B1B7D743D00F18B12 /* THTransportSerial.m */; };
		65FC87731B7D746100F18B12 /* THTransportMultipeerConnectivity.h in Headers */ = {isa = PBXBuildFile; fileRef = 65FC87711B7D746100F18B12 /* THTransportMultipeerConnectivity.h */; };
		65FC87741B7D746100F18B12 /* THTransportMultipeerConnectivity.m in Sources */ = {isa = PBXBuildFile; fileRef = 65FC87721B7D746100F18B12 /* THTransportMultipeerConnectivity.m */; };
		65FC87751B7D746100F18B12 /* THTransportMultipeerConnectivity.m in Sources */ = {isa = PBXBuildFile; fileRef = 65FC87721B7D746100F18B12 /* THTransportMultipeerConnectivity.m */; };
		65FC87771B7D746100F18B12 /* THTransportMultipeerConnectivity.m in Sources */ = {isa = PBXBuildFile; fileRef = 65FC87721B7D746100F18B12 /* THTransportMultipeerConnectivity.m */; };
		65FC877B1B7D751F00F18B12 /* MF_Base32Additions.h in Headers */ = {isa = PBXBuildFile; fileRef = 65FC87791B7D751F00F18B12 /* MF_Base32Additions.h */; };
		65FC877C1B7D751F00F18B12 /* MF_Base32Additions.m in Sources */ = {isa = PBXBuildFile; fileRef = 65FC877A1B7D751F00F18B12 /* MF_Base32Additions.m */; };
		65FC877D1B7D751F00F18B12 /* MF_Base32Additions.m in Sources */ = {isa = PBXBuildFile; fileRef = 65FC877A1B7D751F00F18B12 /* MF_Base32Additions.m */; };
		65FC877F1B7D751F00F18B12 /* MF_Base32Additions.m in Sources */ = {isa = PBXBuildFile; fileRef = 65FC877A1B7D751F00F18B12 /* MF_Base32Additions.m */; };
		65FC87831B7D759A00F18B12 /* THURI.h in Headers */ = {isa = PBXBuildFile; fileRef = 65FC87811B7D759A00F18B12 /* THURI.h */; };
		65FC87841B7D759A00F18B12 /* THURI.m in Sources */ = {isa = PBXBuildFile; fileRef = 65FC87821B7D759A00F18B12 /* THURI.m */; };
		65FC87851B7D759A00F18B12 /* THURI.m in Sources */ = {isa = PBXBuildFile; fileRef = 65FC87821B7D759A00F18B12 /* THURI.m */; };
		65FC87871B7D759A00F18B12 /* THURI.m in Sources */ = {isa = PBXBuildFile; fileRef = 65FC87821B7D759A00F18B12 /* THURI.m */; };
		65FC87881B7D776200F18B12 /* telehash.framework in Frameworks */ = {isa = PBXBuildFile; fileRef = 6579F9751AE42759005E55A1 /* telehash.framework */; };
		65FC878D1B7E183E00F18B12 /* THLog.h in Headers */ = {isa = PBXBuildFile; fileRef = 65FC878B1B7E183E00F18B12 /* THLog.h */; };
		65FC878E1B7E183E00F18B12 /* THLog.m in Sources */ = {isa = PBXBuildFile; fileRef = 65FC878C1B7E183E00F18B12 /* THLog.m */; };
		65FC878F1B7E183E00F18B12 /* THLog.m in Sources */ = {isa = PBXBuildFile; fileRef = 65FC878C1B7E183E00F18B12 /* THLog.m */; };
		65FC87911B7E183E00F18B12 /* THLog.m in Sources */ = {isa = PBXBuildFile; fileRef = 65FC878C1B7E183E00F18B12 /* THLog.m */; };
/* End PBXBuildFile section */

/* Begin PBXContainerItemProxy section */
		6579F9821AE42759005E55A1 /* PBXContainerItemProxy */ = {
			isa = PBXContainerItemProxy;
			containerPortal = 6579F96C1AE42759005E55A1 /* Project object */;
			proxyType = 1;
			remoteGlobalIDString = 6579F9741AE42759005E55A1;
			remoteInfo = telehash;
		};
		65A53BD81B7D199100150176 /* PBXContainerItemProxy */ = {
			isa = PBXContainerItemProxy;
			containerPortal = 6579F96C1AE42759005E55A1 /* Project object */;
			proxyType = 1;
			remoteGlobalIDString = 65A53BC41B7D199000150176;
			remoteInfo = "Telehash Tester";
		};
/* End PBXContainerItemProxy section */

/* Begin PBXFileReference section */
		6579F9751AE42759005E55A1 /* telehash.framework */ = {isa = PBXFileReference; explicitFileType = wrapper.framework; includeInIndex = 0; path = telehash.framework; sourceTree = BUILT_PRODUCTS_DIR; };
		6579F9791AE42759005E55A1 /* Info.plist */ = {isa = PBXFileReference; lastKnownFileType = text.plist.xml; path = Info.plist; sourceTree = "<group>"; };
		6579F97A1AE42759005E55A1 /* telehash.h */ = {isa = PBXFileReference; lastKnownFileType = sourcecode.c.h; path = telehash.h; sourceTree = "<group>"; };
		6579F9801AE42759005E55A1 /* telehashTests.xctest */ = {isa = PBXFileReference; explicitFileType = wrapper.cfbundle; includeInIndex = 0; path = telehashTests.xctest; sourceTree = BUILT_PRODUCTS_DIR; };
		6579F9861AE42759005E55A1 /* Info.plist */ = {isa = PBXFileReference; lastKnownFileType = text.plist.xml; path = Info.plist; sourceTree = "<group>"; };
		6579F9871AE42759005E55A1 /* telehashTests.m */ = {isa = PBXFileReference; lastKnownFileType = sourcecode.c.objc; path = telehashTests.m; sourceTree = "<group>"; };
		657D86751B7FA63E009282BE /* THEndpoint.h */ = {isa = PBXFileReference; fileEncoding = 4; lastKnownFileType = sourcecode.c.h; path = THEndpoint.h; sourceTree = "<group>"; };
		657D86761B7FA63E009282BE /* THEndpoint.m */ = {isa = PBXFileReference; fileEncoding = 4; lastKnownFileType = sourcecode.c.objc; path = THEndpoint.m; sourceTree = "<group>"; };
		657D867D1B7FA81F009282BE /* THTransportNetworkAdapter.h */ = {isa = PBXFileReference; fileEncoding = 4; lastKnownFileType = sourcecode.c.h; path = THTransportNetworkAdapter.h; sourceTree = "<group>"; };
		657D867E1B7FA81F009282BE /* THTransportNetworkAdapter.m */ = {isa = PBXFileReference; fileEncoding = 4; lastKnownFileType = sourcecode.c.objc; path = THTransportNetworkAdapter.m; sourceTree = "<group>"; };
		657D86811B7FA8C8009282BE /* THMeshConfiguration.h */ = {isa = PBXFileReference; fileEncoding = 4; lastKnownFileType = sourcecode.c.h; path = THMeshConfiguration.h; sourceTree = "<group>"; };
		657D86821B7FA8C8009282BE /* THMeshConfiguration.m */ = {isa = PBXFileReference; fileEncoding = 4; lastKnownFileType = sourcecode.c.objc; path = THMeshConfiguration.m; sourceTree = "<group>"; };
		657D86881B84073D009282BE /* GCDAsyncSocket.h */ = {isa = PBXFileReference; fileEncoding = 4; lastKnownFileType = sourcecode.c.h; name = GCDAsyncSocket.h; path = externals/CocoaAsyncSocket/Source/GCD/GCDAsyncSocket.h; sourceTree = SOURCE_ROOT; };
		657D86891B84073D009282BE /* GCDAsyncSocket.m */ = {isa = PBXFileReference; fileEncoding = 4; lastKnownFileType = sourcecode.c.objc; name = GCDAsyncSocket.m; path = externals/CocoaAsyncSocket/Source/GCD/GCDAsyncSocket.m; sourceTree = SOURCE_ROOT; };
		657D868A1B84073D009282BE /* GCDAsyncUdpSocket.h */ = {isa = PBXFileReference; fileEncoding = 4; lastKnownFileType = sourcecode.c.h; name = GCDAsyncUdpSocket.h; path = externals/CocoaAsyncSocket/Source/GCD/GCDAsyncUdpSocket.h; sourceTree = SOURCE_ROOT; };
		657D868B1B84073D009282BE /* GCDAsyncUdpSocket.m */ = {isa = PBXFileReference; fileEncoding = 4; lastKnownFileType = sourcecode.c.objc; name = GCDAsyncUdpSocket.m; path = externals/CocoaAsyncSocket/Source/GCD/GCDAsyncUdpSocket.m; sourceTree = SOURCE_ROOT; };
		65A53B9B1B7D160D00150176 /* THMesh.h */ = {isa = PBXFileReference; fileEncoding = 4; lastKnownFileType = sourcecode.c.h; path = THMesh.h; sourceTree = "<group>"; };
		65A53B9C1B7D160D00150176 /* THMesh.m */ = {isa = PBXFileReference; fileEncoding = 4; lastKnownFileType = sourcecode.c.objc; path = THMesh.m; sourceTree = "<group>"; };
		65A53B9F1B7D164600150176 /* THTransport.h */ = {isa = PBXFileReference; fileEncoding = 4; lastKnownFileType = sourcecode.c.h; path = THTransport.h; sourceTree = "<group>"; };
		65A53BA01B7D164600150176 /* THTransport.m */ = {isa = PBXFileReference; fileEncoding = 4; lastKnownFileType = sourcecode.c.objc; path = THTransport.m; sourceTree = "<group>"; };
		65A53BA91B7D171000150176 /* THLink.h */ = {isa = PBXFileReference; fileEncoding = 4; lastKnownFileType = sourcecode.c.h; path = THLink.h; sourceTree = "<group>"; };
		65A53BAA1B7D171000150176 /* THLink.m */ = {isa = PBXFileReference; fileEncoding = 4; lastKnownFileType = sourcecode.c.objc; path = THLink.m; sourceTree = "<group>"; };
		65A53BAE1B7D173F00150176 /* THHashname.h */ = {isa = PBXFileReference; fileEncoding = 4; lastKnownFileType = sourcecode.c.h; path = THHashname.h; sourceTree = "<group>"; };
		65A53BAF1B7D173F00150176 /* THHashname.m */ = {isa = PBXFileReference; fileEncoding = 4; lastKnownFileType = sourcecode.c.objc; path = THHashname.m; sourceTree = "<group>"; };
		65A53BB31B7D176000150176 /* THPacket.h */ = {isa = PBXFileReference; fileEncoding = 4; lastKnownFileType = sourcecode.c.h; path = THPacket.h; sourceTree = "<group>"; };
		65A53BB41B7D176000150176 /* THPacket.m */ = {isa = PBXFileReference; fileEncoding = 4; lastKnownFileType = sourcecode.c.objc; path = THPacket.m; sourceTree = "<group>"; };
		65A53BB91B7D17F700150176 /* THChannel.h */ = {isa = PBXFileReference; fileEncoding = 4; lastKnownFileType = sourcecode.c.h; path = THChannel.h; sourceTree = "<group>"; };
		65A53BBA1B7D17F700150176 /* THChannel.m */ = {isa = PBXFileReference; fileEncoding = 4; lastKnownFileType = sourcecode.c.objc; path = THChannel.m; sourceTree = "<group>"; };
		65A53BC51B7D199000150176 /* Telehash Tester.app */ = {isa = PBXFileReference; explicitFileType = wrapper.application; includeInIndex = 0; path = "Telehash Tester.app"; sourceTree = BUILT_PRODUCTS_DIR; };
		65A53BC81B7D199000150176 /* Info.plist */ = {isa = PBXFileReference; lastKnownFileType = text.plist.xml; path = Info.plist; sourceTree = "<group>"; };
		65A53BC91B7D199000150176 /* AppDelegate.h */ = {isa = PBXFileReference; lastKnownFileType = sourcecode.c.h; path = AppDelegate.h; sourceTree = "<group>"; };
		65A53BCA1B7D199000150176 /* AppDelegate.m */ = {isa = PBXFileReference; lastKnownFileType = sourcecode.c.objc; path = AppDelegate.m; sourceTree = "<group>"; };
		65A53BCC1B7D199000150176 /* main.m */ = {isa = PBXFileReference; lastKnownFileType = sourcecode.c.objc; path = main.m; sourceTree = "<group>"; };
		65A53BCE1B7D199000150176 /* Images.xcassets */ = {isa = PBXFileReference; lastKnownFileType = folder.assetcatalog; path = Images.xcassets; sourceTree = "<group>"; };
		65A53BD11B7D199000150176 /* Base */ = {isa = PBXFileReference; lastKnownFileType = file.xib; name = Base; path = Base.lproj/MainMenu.xib; sourceTree = "<group>"; };
		65A53BD71B7D199100150176 /* Telehash TesterTests.xctest */ = {isa = PBXFileReference; explicitFileType = wrapper.cfbundle; includeInIndex = 0; path = "Telehash TesterTests.xctest"; sourceTree = BUILT_PRODUCTS_DIR; };
		65A53BDC1B7D199100150176 /* Info.plist */ = {isa = PBXFileReference; lastKnownFileType = text.plist.xml; path = Info.plist; sourceTree = "<group>"; };
		65A53BDD1B7D199100150176 /* Telehash_TesterTests.m */ = {isa = PBXFileReference; lastKnownFileType = sourcecode.c.objc; path = Telehash_TesterTests.m; sourceTree = "<group>"; };
		65A53BE61B7D1C8900150176 /* E3X.h */ = {isa = PBXFileReference; fileEncoding = 4; lastKnownFileType = sourcecode.c.h; path = E3X.h; sourceTree = "<group>"; };
		65A53BE71B7D1C8900150176 /* E3X.m */ = {isa = PBXFileReference; fileEncoding = 4; lastKnownFileType = sourcecode.c.objc; path = E3X.m; sourceTree = "<group>"; };
		65A53BEB1B7D1CBF00150176 /* E3X-cs3a.h */ = {isa = PBXFileReference; fileEncoding = 4; lastKnownFileType = sourcecode.c.h; path = "E3X-cs3a.h"; sourceTree = "<group>"; };
		65A53BEC1B7D1CBF00150176 /* E3X-cs3a.m */ = {isa = PBXFileReference; fileEncoding = 4; lastKnownFileType = sourcecode.c.objc; path = "E3X-cs3a.m"; sourceTree = "<group>"; };
		65A53BEF1B7D1D6B00150176 /* E3X-cs2a.h */ = {isa = PBXFileReference; fileEncoding = 4; lastKnownFileType = sourcecode.c.h; path = "E3X-cs2a.h"; sourceTree = "<group>"; };
		65A53BF01B7D1D6B00150176 /* E3X-cs2a.m */ = {isa = PBXFileReference; fileEncoding = 4; lastKnownFileType = sourcecode.c.objc; path = "E3X-cs2a.m"; sourceTree = "<group>"; };
		65A53BF31B7D1D7800150176 /* E3X-cs1a.h */ = {isa = PBXFileReference; fileEncoding = 4; lastKnownFileType = sourcecode.c.h; path = "E3X-cs1a.h"; sourceTree = "<group>"; };
		65A53BF41B7D1D7800150176 /* E3X-cs1a.m */ = {isa = PBXFileReference; fileEncoding = 4; lastKnownFileType = sourcecode.c.objc; path = "E3X-cs1a.m"; sourceTree = "<group>"; };
		65A53BF71B7D1E6700150176 /* THPipe.h */ = {isa = PBXFileReference; fileEncoding = 4; lastKnownFileType = sourcecode.c.h; path = THPipe.h; sourceTree = "<group>"; };
		65A53BF81B7D1E6700150176 /* THPipe.m */ = {isa = PBXFileReference; fileEncoding = 4; lastKnownFileType = sourcecode.c.objc; path = THPipe.m; sourceTree = "<group>"; };
		65FC87611B7D700E00F18B12 /* THTransportAssistant.h */ = {isa = PBXFileReference; fileEncoding = 4; lastKnownFileType = sourcecode.c.h; path = THTransportAssistant.h; sourceTree = "<group>"; };
		65FC87621B7D700E00F18B12 /* THTransportAssistant.m */ = {isa = PBXFileReference; fileEncoding = 4; lastKnownFileType = sourcecode.c.objc; path = THTransportAssistant.m; sourceTree = "<group>"; };
		65FC876A1B7D743D00F18B12 /* THTransportSerial.h */ = {isa = PBXFileReference; fileEncoding = 4; lastKnownFileType = sourcecode.c.h; path = THTransportSerial.h; sourceTree = "<group>"; };
		65FC876B1B7D743D00F18B12 /* THTransportSerial.m */ = {isa = PBXFileReference; fileEncoding = 4; lastKnownFileType = sourcecode.c.objc; path = THTransportSerial.m; sourceTree = "<group>"; };
		65FC87711B7D746100F18B12 /* THTransportMultipeerConnectivity.h */ = {isa = PBXFileReference; fileEncoding = 4; lastKnownFileType = sourcecode.c.h; path = THTransportMultipeerConnectivity.h; sourceTree = "<group>"; };
		65FC87721B7D746100F18B12 /* THTransportMultipeerConnectivity.m */ = {isa = PBXFileReference; fileEncoding = 4; lastKnownFileType = sourcecode.c.objc; path = THTransportMultipeerConnectivity.m; sourceTree = "<group>"; };
		65FC87791B7D751F00F18B12 /* MF_Base32Additions.h */ = {isa = PBXFileReference; fileEncoding = 4; lastKnownFileType = sourcecode.c.h; name = MF_Base32Additions.h; path = externals/Base32/Base32/MF_Base32Additions.h; sourceTree = SOURCE_ROOT; };
		65FC877A1B7D751F00F18B12 /* MF_Base32Additions.m */ = {isa = PBXFileReference; fileEncoding = 4; lastKnownFileType = sourcecode.c.objc; name = MF_Base32Additions.m; path = externals/Base32/Base32/MF_Base32Additions.m; sourceTree = SOURCE_ROOT; };
		65FC87811B7D759A00F18B12 /* THURI.h */ = {isa = PBXFileReference; fileEncoding = 4; lastKnownFileType = sourcecode.c.h; path = THURI.h; sourceTree = "<group>"; };
		65FC87821B7D759A00F18B12 /* THURI.m */ = {isa = PBXFileReference; fileEncoding = 4; lastKnownFileType = sourcecode.c.objc; path = THURI.m; sourceTree = "<group>"; };
		65FC878B1B7E183E00F18B12 /* THLog.h */ = {isa = PBXFileReference; fileEncoding = 4; lastKnownFileType = sourcecode.c.h; path = THLog.h; sourceTree = "<group>"; };
		65FC878C1B7E183E00F18B12 /* THLog.m */ = {isa = PBXFileReference; fileEncoding = 4; lastKnownFileType = sourcecode.c.objc; path = THLog.m; sourceTree = "<group>"; };
/* End PBXFileReference section */

/* Begin PBXFrameworksBuildPhase section */
		6579F9711AE42759005E55A1 /* Frameworks */ = {
			isa = PBXFrameworksBuildPhase;
			buildActionMask = 2147483647;
			files = (
			);
			runOnlyForDeploymentPostprocessing = 0;
		};
		6579F97D1AE42759005E55A1 /* Frameworks */ = {
			isa = PBXFrameworksBuildPhase;
			buildActionMask = 2147483647;
			files = (
				6579F9811AE42759005E55A1 /* telehash.framework in Frameworks */,
			);
			runOnlyForDeploymentPostprocessing = 0;
		};
		65A53BC21B7D199000150176 /* Frameworks */ = {
			isa = PBXFrameworksBuildPhase;
			buildActionMask = 2147483647;
			files = (
				65FC87881B7D776200F18B12 /* telehash.framework in Frameworks */,
			);
			runOnlyForDeploymentPostprocessing = 0;
		};
		65A53BD41B7D199100150176 /* Frameworks */ = {
			isa = PBXFrameworksBuildPhase;
			buildActionMask = 2147483647;
			files = (
			);
			runOnlyForDeploymentPostprocessing = 0;
		};
/* End PBXFrameworksBuildPhase section */

/* Begin PBXGroup section */
		6579F96B1AE42759005E55A1 = {
			isa = PBXGroup;
			children = (
				6579F9771AE42759005E55A1 /* telehash */,
				6579F9781AE42759005E55A1 /* Supporting Files */,
				6579F9841AE42759005E55A1 /* telehashTests */,
				65A53BC61B7D199000150176 /* Telehash Tester */,
				65A53BDA1B7D199100150176 /* Telehash TesterTests */,
				6579F9761AE42759005E55A1 /* Products */,
				65A53B7C1B7D145500150176 /* Frameworks */,
			);
			sourceTree = "<group>";
		};
		6579F9761AE42759005E55A1 /* Products */ = {
			isa = PBXGroup;
			children = (
				6579F9751AE42759005E55A1 /* telehash.framework */,
				6579F9801AE42759005E55A1 /* telehashTests.xctest */,
				65A53BC51B7D199000150176 /* Telehash Tester.app */,
				65A53BD71B7D199100150176 /* Telehash TesterTests.xctest */,
			);
			name = Products;
			sourceTree = "<group>";
		};
		6579F9771AE42759005E55A1 /* telehash */ = {
			isa = PBXGroup;
			children = (
				6579F97A1AE42759005E55A1 /* telehash.h */,
				65A53BAD1B7D172F00150176 /* Endpoint */,
				65A53BB71B7D178500150176 /* E3X */,
				65A53BA81B7D16FC00150176 /* Mesh */,
				65A53BA71B7D16A900150176 /* Transports */,
				65A53BB21B7D175000150176 /* Packet */,
				65A53BB81B7D17DF00150176 /* Channels */,
				65FC878A1B7E182E00F18B12 /* Util */,
				65FC87891B7D789700F18B12 /* Externals */,
			);
			path = telehash;
			sourceTree = "<group>";
		};
		6579F9781AE42759005E55A1 /* Supporting Files */ = {
			isa = PBXGroup;
			children = (
				6579F9791AE42759005E55A1 /* Info.plist */,
			);
			name = "Supporting Files";
			path = telehash;
			sourceTree = "<group>";
		};
		6579F9841AE42759005E55A1 /* telehashTests */ = {
			isa = PBXGroup;
			children = (
				6579F9871AE42759005E55A1 /* telehashTests.m */,
				6579F9851AE42759005E55A1 /* Supporting Files */,
			);
			path = telehashTests;
			sourceTree = "<group>";
		};
		6579F9851AE42759005E55A1 /* Supporting Files */ = {
			isa = PBXGroup;
			children = (
				6579F9861AE42759005E55A1 /* Info.plist */,
			);
			name = "Supporting Files";
			sourceTree = "<group>";
		};
		65A53B7C1B7D145500150176 /* Frameworks */ = {
			isa = PBXGroup;
			children = (
			);
			name = Frameworks;
			sourceTree = "<group>";
		};
		65A53BA71B7D16A900150176 /* Transports */ = {
			isa = PBXGroup;
			children = (
				65FC87611B7D700E00F18B12 /* THTransportAssistant.h */,
				65FC87621B7D700E00F18B12 /* THTransportAssistant.m */,
				65A53B9F1B7D164600150176 /* THTransport.h */,
				65A53BA01B7D164600150176 /* THTransport.m */,
				657D867D1B7FA81F009282BE /* THTransportNetworkAdapter.h */,
				657D867E1B7FA81F009282BE /* THTransportNetworkAdapter.m */,
				65FC876A1B7D743D00F18B12 /* THTransportSerial.h */,
				65FC876B1B7D743D00F18B12 /* THTransportSerial.m */,
				65FC87711B7D746100F18B12 /* THTransportMultipeerConnectivity.h */,
				65FC87721B7D746100F18B12 /* THTransportMultipeerConnectivity.m */,
			);
			name = Transports;
			sourceTree = "<group>";
		};
		65A53BA81B7D16FC00150176 /* Mesh */ = {
			isa = PBXGroup;
			children = (
				65A53B9B1B7D160D00150176 /* THMesh.h */,
				65A53B9C1B7D160D00150176 /* THMesh.m */,
				657D86811B7FA8C8009282BE /* THMeshConfiguration.h */,
				657D86821B7FA8C8009282BE /* THMeshConfiguration.m */,
				65A53BA91B7D171000150176 /* THLink.h */,
				65A53BAA1B7D171000150176 /* THLink.m */,
				65A53BF71B7D1E6700150176 /* THPipe.h */,
				65A53BF81B7D1E6700150176 /* THPipe.m */,
			);
			name = Mesh;
			sourceTree = "<group>";
		};
		65A53BAD1B7D172F00150176 /* Endpoint */ = {
			isa = PBXGroup;
			children = (
				657D86751B7FA63E009282BE /* THEndpoint.h */,
				657D86761B7FA63E009282BE /* THEndpoint.m */,
				65A53BAE1B7D173F00150176 /* THHashname.h */,
				65A53BAF1B7D173F00150176 /* THHashname.m */,
				65FC87811B7D759A00F18B12 /* THURI.h */,
				65FC87821B7D759A00F18B12 /* THURI.m */,
			);
			name = Endpoint;
			sourceTree = "<group>";
		};
		65A53BB21B7D175000150176 /* Packet */ = {
			isa = PBXGroup;
			children = (
				65A53BB31B7D176000150176 /* THPacket.h */,
				65A53BB41B7D176000150176 /* THPacket.m */,
			);
			name = Packet;
			sourceTree = "<group>";
		};
		65A53BB71B7D178500150176 /* E3X */ = {
			isa = PBXGroup;
			children = (
				65A53BE61B7D1C8900150176 /* E3X.h */,
				65A53BE71B7D1C8900150176 /* E3X.m */,
				65A53BEA1B7D1CA000150176 /* Cipher Sets */,
			);
			name = E3X;
			sourceTree = "<group>";
		};
		65A53BB81B7D17DF00150176 /* Channels */ = {
			isa = PBXGroup;
			children = (
				65A53BB91B7D17F700150176 /* THChannel.h */,
				65A53BBA1B7D17F700150176 /* THChannel.m */,
			);
			name = Channels;
			sourceTree = "<group>";
		};
		65A53BC61B7D199000150176 /* Telehash Tester */ = {
			isa = PBXGroup;
			children = (
				65A53BC91B7D199000150176 /* AppDelegate.h */,
				65A53BCA1B7D199000150176 /* AppDelegate.m */,
				65A53BE51B7D19E200150176 /* Assets */,
				65A53BC71B7D199000150176 /* Supporting Files */,
			);
			path = "Telehash Tester";
			sourceTree = "<group>";
		};
		65A53BC71B7D199000150176 /* Supporting Files */ = {
			isa = PBXGroup;
			children = (
				65A53BC81B7D199000150176 /* Info.plist */,
				65A53BCC1B7D199000150176 /* main.m */,
			);
			name = "Supporting Files";
			sourceTree = "<group>";
		};
		65A53BDA1B7D199100150176 /* Telehash TesterTests */ = {
			isa = PBXGroup;
			children = (
				65A53BDD1B7D199100150176 /* Telehash_TesterTests.m */,
				65A53BDB1B7D199100150176 /* Supporting Files */,
			);
			path = "Telehash TesterTests";
			sourceTree = "<group>";
		};
		65A53BDB1B7D199100150176 /* Supporting Files */ = {
			isa = PBXGroup;
			children = (
				65A53BDC1B7D199100150176 /* Info.plist */,
			);
			name = "Supporting Files";
			sourceTree = "<group>";
		};
		65A53BE51B7D19E200150176 /* Assets */ = {
			isa = PBXGroup;
			children = (
				65A53BCE1B7D199000150176 /* Images.xcassets */,
				65A53BD01B7D199000150176 /* MainMenu.xib */,
			);
			name = Assets;
			sourceTree = "<group>";
		};
		65A53BEA1B7D1CA000150176 /* Cipher Sets */ = {
			isa = PBXGroup;
			children = (
				65A53BEB1B7D1CBF00150176 /* E3X-cs3a.h */,
				65A53BEC1B7D1CBF00150176 /* E3X-cs3a.m */,
				65A53BEF1B7D1D6B00150176 /* E3X-cs2a.h */,
				65A53BF01B7D1D6B00150176 /* E3X-cs2a.m */,
				65A53BF31B7D1D7800150176 /* E3X-cs1a.h */,
				65A53BF41B7D1D7800150176 /* E3X-cs1a.m */,
			);
			name = "Cipher Sets";
			sourceTree = "<group>";
		};
		65FC87891B7D789700F18B12 /* Externals */ = {
			isa = PBXGroup;
			children = (
				65FC87791B7D751F00F18B12 /* MF_Base32Additions.h */,
				65FC877A1B7D751F00F18B12 /* MF_Base32Additions.m */,
				657D86881B84073D009282BE /* GCDAsyncSocket.h */,
				657D86891B84073D009282BE /* GCDAsyncSocket.m */,
				657D868A1B84073D009282BE /* GCDAsyncUdpSocket.h */,
				657D868B1B84073D009282BE /* GCDAsyncUdpSocket.m */,
			);
			name = Externals;
			sourceTree = "<group>";
		};
		65FC878A1B7E182E00F18B12 /* Util */ = {
			isa = PBXGroup;
			children = (
				65FC878B1B7E183E00F18B12 /* THLog.h */,
				65FC878C1B7E183E00F18B12 /* THLog.m */,
			);
			name = Util;
			sourceTree = "<group>";
		};
/* End PBXGroup section */

/* Begin PBXHeadersBuildPhase section */
		6579F9721AE42759005E55A1 /* Headers */ = {
			isa = PBXHeadersBuildPhase;
			buildActionMask = 2147483647;
			files = (
				65A53BB51B7D176000150176 /* THPacket.h in Headers */,
				65A53BED1B7D1CBF00150176 /* E3X-cs3a.h in Headers */,
				65A53BA11B7D164600150176 /* THTransport.h in Headers */,
				657D868C1B84073D009282BE /* GCDAsyncSocket.h in Headers */,
				657D86771B7FA63E009282BE /* THEndpoint.h in Headers */,
				657D868E1B84073D009282BE /* GCDAsyncUdpSocket.h in Headers */,
				65A53BF91B7D1E6700150176 /* THPipe.h in Headers */,
				65A53BE81B7D1C8900150176 /* E3X.h in Headers */,
				657D86831B7FA8C8009282BE /* THMeshConfiguration.h in Headers */,
				65A53BF51B7D1D7800150176 /* E3X-cs1a.h in Headers */,
				65FC878D1B7E183E00F18B12 /* THLog.h in Headers */,
				65A53BAB1B7D171000150176 /* THLink.h in Headers */,
				6579F97B1AE42759005E55A1 /* telehash.h in Headers */,
				65A53B9D1B7D160D00150176 /* THMesh.h in Headers */,
				65A53BF11B7D1D6B00150176 /* E3X-cs2a.h in Headers */,
				65FC877B1B7D751F00F18B12 /* MF_Base32Additions.h in Headers */,
				65FC87631B7D700E00F18B12 /* THTransportAssistant.h in Headers */,
				657D867F1B7FA81F009282BE /* THTransportNetworkAdapter.h in Headers */,
				65FC876C1B7D743D00F18B12 /* THTransportSerial.h in Headers */,
				65FC87731B7D746100F18B12 /* THTransportMultipeerConnectivity.h in Headers */,
				65A53BBB1B7D17F700150176 /* THChannel.h in Headers */,
				65FC87831B7D759A00F18B12 /* THURI.h in Headers */,
				65A53BB01B7D173F00150176 /* THHashname.h in Headers */,
			);
			runOnlyForDeploymentPostprocessing = 0;
		};
/* End PBXHeadersBuildPhase section */

/* Begin PBXNativeTarget section */
		6579F9741AE42759005E55A1 /* telehash */ = {
			isa = PBXNativeTarget;
			buildConfigurationList = 6579F98B1AE42759005E55A1 /* Build configuration list for PBXNativeTarget "telehash" */;
			buildPhases = (
				6579F9701AE42759005E55A1 /* Sources */,
				6579F9711AE42759005E55A1 /* Frameworks */,
				6579F9721AE42759005E55A1 /* Headers */,
				6579F9731AE42759005E55A1 /* Resources */,
			);
			buildRules = (
			);
			dependencies = (
			);
			name = telehash;
			productName = telehash;
			productReference = 6579F9751AE42759005E55A1 /* telehash.framework */;
			productType = "com.apple.product-type.framework";
		};
		6579F97F1AE42759005E55A1 /* telehashTests */ = {
			isa = PBXNativeTarget;
			buildConfigurationList = 6579F98E1AE42759005E55A1 /* Build configuration list for PBXNativeTarget "telehashTests" */;
			buildPhases = (
				6579F97C1AE42759005E55A1 /* Sources */,
				6579F97D1AE42759005E55A1 /* Frameworks */,
				6579F97E1AE42759005E55A1 /* Resources */,
			);
			buildRules = (
			);
			dependencies = (
				6579F9831AE42759005E55A1 /* PBXTargetDependency */,
			);
			name = telehashTests;
			productName = telehashTests;
			productReference = 6579F9801AE42759005E55A1 /* telehashTests.xctest */;
			productType = "com.apple.product-type.bundle.unit-test";
		};
		65A53BC41B7D199000150176 /* Telehash Tester */ = {
			isa = PBXNativeTarget;
			buildConfigurationList = 65A53BDF1B7D199100150176 /* Build configuration list for PBXNativeTarget "Telehash Tester" */;
			buildPhases = (
				65A53BC11B7D199000150176 /* Sources */,
				65A53BC21B7D199000150176 /* Frameworks */,
				65A53BC31B7D199000150176 /* Resources */,
			);
			buildRules = (
			);
			dependencies = (
			);
			name = "Telehash Tester";
			productName = "Telehash Tester";
			productReference = 65A53BC51B7D199000150176 /* Telehash Tester.app */;
			productType = "com.apple.product-type.application";
		};
		65A53BD61B7D199100150176 /* Telehash TesterTests */ = {
			isa = PBXNativeTarget;
			buildConfigurationList = 65A53BE21B7D199100150176 /* Build configuration list for PBXNativeTarget "Telehash TesterTests" */;
			buildPhases = (
				65A53BD31B7D199100150176 /* Sources */,
				65A53BD41B7D199100150176 /* Frameworks */,
				65A53BD51B7D199100150176 /* Resources */,
			);
			buildRules = (
			);
			dependencies = (
				65A53BD91B7D199100150176 /* PBXTargetDependency */,
			);
			name = "Telehash TesterTests";
			productName = "Telehash TesterTests";
			productReference = 65A53BD71B7D199100150176 /* Telehash TesterTests.xctest */;
			productType = "com.apple.product-type.bundle.unit-test";
		};
/* End PBXNativeTarget section */

/* Begin PBXProject section */
		6579F96C1AE42759005E55A1 /* Project object */ = {
			isa = PBXProject;
			attributes = {
				LastUpgradeCheck = 0640;
				ORGANIZATIONNAME = "Daniel Chote";
				TargetAttributes = {
					6579F9741AE42759005E55A1 = {
						CreatedOnToolsVersion = 6.3;
					};
					6579F97F1AE42759005E55A1 = {
						CreatedOnToolsVersion = 6.3;
					};
					65A53BC41B7D199000150176 = {
						CreatedOnToolsVersion = 6.4;
					};
					65A53BD61B7D199100150176 = {
						CreatedOnToolsVersion = 6.4;
						TestTargetID = 65A53BC41B7D199000150176;
					};
				};
			};
			buildConfigurationList = 6579F96F1AE42759005E55A1 /* Build configuration list for PBXProject "telehash" */;
			compatibilityVersion = "Xcode 3.2";
			developmentRegion = English;
			hasScannedForEncodings = 0;
			knownRegions = (
				en,
				Base,
			);
			mainGroup = 6579F96B1AE42759005E55A1;
			productRefGroup = 6579F9761AE42759005E55A1 /* Products */;
			projectDirPath = "";
			projectRoot = "";
			targets = (
				6579F9741AE42759005E55A1 /* telehash */,
				6579F97F1AE42759005E55A1 /* telehashTests */,
				65A53BC41B7D199000150176 /* Telehash Tester */,
				65A53BD61B7D199100150176 /* Telehash TesterTests */,
			);
		};
/* End PBXProject section */

/* Begin PBXResourcesBuildPhase section */
		6579F9731AE42759005E55A1 /* Resources */ = {
			isa = PBXResourcesBuildPhase;
			buildActionMask = 2147483647;
			files = (
			);
			runOnlyForDeploymentPostprocessing = 0;
		};
		6579F97E1AE42759005E55A1 /* Resources */ = {
			isa = PBXResourcesBuildPhase;
			buildActionMask = 2147483647;
			files = (
			);
			runOnlyForDeploymentPostprocessing = 0;
		};
		65A53BC31B7D199000150176 /* Resources */ = {
			isa = PBXResourcesBuildPhase;
			buildActionMask = 2147483647;
			files = (
				65A53BCF1B7D199000150176 /* Images.xcassets in Resources */,
				65A53BD21B7D199000150176 /* MainMenu.xib in Resources */,
			);
			runOnlyForDeploymentPostprocessing = 0;
		};
		65A53BD51B7D199100150176 /* Resources */ = {
			isa = PBXResourcesBuildPhase;
			buildActionMask = 2147483647;
			files = (
			);
			runOnlyForDeploymentPostprocessing = 0;
		};
/* End PBXResourcesBuildPhase section */

/* Begin PBXSourcesBuildPhase section */
		6579F9701AE42759005E55A1 /* Sources */ = {
			isa = PBXSourcesBuildPhase;
			buildActionMask = 2147483647;
			files = (
				65A53BA21B7D164600150176 /* THTransport.m in Sources */,
				65FC877C1B7D751F00F18B12 /* MF_Base32Additions.m in Sources */,
				657D86781B7FA63E009282BE /* THEndpoint.m in Sources */,
				65A53BF61B7D1D7800150176 /* E3X-cs1a.m in Sources */,
				65A53BFA1B7D1E6700150176 /* THPipe.m in Sources */,
				65FC87641B7D700E00F18B12 /* THTransportAssistant.m in Sources */,
				65FC87741B7D746100F18B12 /* THTransportMultipeerConnectivity.m in Sources */,
				65A53BE91B7D1C8900150176 /* E3X.m in Sources */,
				65FC878E1B7E183E00F18B12 /* THLog.m in Sources */,
				65A53BF21B7D1D6B00150176 /* E3X-cs2a.m in Sources */,
				657D86841B7FA8C8009282BE /* THMeshConfiguration.m in Sources */,
				657D86801B7FA81F009282BE /* THTransportNetworkAdapter.m in Sources */,
				657D868F1B84073D009282BE /* GCDAsyncUdpSocket.m in Sources */,
				657D868D1B84073D009282BE /* GCDAsyncSocket.m in Sources */,
				65FC876D1B7D743D00F18B12 /* THTransportSerial.m in Sources */,
				65A53B9E1B7D160D00150176 /* THMesh.m in Sources */,
				65A53BEE1B7D1CBF00150176 /* E3X-cs3a.m in Sources */,
				65A53BB11B7D173F00150176 /* THHashname.m in Sources */,
				65FC87841B7D759A00F18B12 /* THURI.m in Sources */,
				65A53BAC1B7D171000150176 /* THLink.m in Sources */,
				65A53BBC1B7D17F700150176 /* THChannel.m in Sources */,
				65A53BB61B7D176000150176 /* THPacket.m in Sources */,
			);
			runOnlyForDeploymentPostprocessing = 0;
		};
		6579F97C1AE42759005E55A1 /* Sources */ = {
			isa = PBXSourcesBuildPhase;
			buildActionMask = 2147483647;
			files = (
				65FC878F1B7E183E00F18B12 /* THLog.m in Sources */,
				65FC877D1B7D751F00F18B12 /* MF_Base32Additions.m in Sources */,
				65FC87851B7D759A00F18B12 /* THURI.m in Sources */,
				65FC87751B7D746100F18B12 /* THTransportMultipeerConnectivity.m in Sources */,
				6579F9881AE42759005E55A1 /* telehashTests.m in Sources */,
				65FC876E1B7D743D00F18B12 /* THTransportSerial.m in Sources */,
			);
			runOnlyForDeploymentPostprocessing = 0;
		};
		65A53BC11B7D199000150176 /* Sources */ = {
			isa = PBXSourcesBuildPhase;
			buildActionMask = 2147483647;
			files = (
				65A53BCD1B7D199000150176 /* main.m in Sources */,
				65A53BCB1B7D199000150176 /* AppDelegate.m in Sources */,
			);
			runOnlyForDeploymentPostprocessing = 0;
		};
		65A53BD31B7D199100150176 /* Sources */ = {
			isa = PBXSourcesBuildPhase;
			buildActionMask = 2147483647;
			files = (
				65FC87911B7E183E00F18B12 /* THLog.m in Sources */,
				65FC877F1B7D751F00F18B12 /* MF_Base32Additions.m in Sources */,
				65FC87871B7D759A00F18B12 /* THURI.m in Sources */,
				65FC87771B7D746100F18B12 /* THTransportMultipeerConnectivity.m in Sources */,
				65A53BDE1B7D199100150176 /* Telehash_TesterTests.m in Sources */,
				65FC87701B7D743D00F18B12 /* THTransportSerial.m in Sources */,
			);
			runOnlyForDeploymentPostprocessing = 0;
		};
/* End PBXSourcesBuildPhase section */

/* Begin PBXTargetDependency section */
		6579F9831AE42759005E55A1 /* PBXTargetDependency */ = {
			isa = PBXTargetDependency;
			target = 6579F9741AE42759005E55A1 /* telehash */;
			targetProxy = 6579F9821AE42759005E55A1 /* PBXContainerItemProxy */;
		};
		65A53BD91B7D199100150176 /* PBXTargetDependency */ = {
			isa = PBXTargetDependency;
			target = 65A53BC41B7D199000150176 /* Telehash Tester */;
			targetProxy = 65A53BD81B7D199100150176 /* PBXContainerItemProxy */;
		};
/* End PBXTargetDependency section */

/* Begin PBXVariantGroup section */
		65A53BD01B7D199000150176 /* MainMenu.xib */ = {
			isa = PBXVariantGroup;
			children = (
				65A53BD11B7D199000150176 /* Base */,
			);
			name = MainMenu.xib;
			sourceTree = "<group>";
		};
/* End PBXVariantGroup section */

/* Begin XCBuildConfiguration section */
		6579F9891AE42759005E55A1 /* Debug */ = {
			isa = XCBuildConfiguration;
			buildSettings = {
				ALWAYS_SEARCH_USER_PATHS = NO;
				CLANG_CXX_LANGUAGE_STANDARD = "gnu++0x";
				CLANG_CXX_LIBRARY = "libc++";
				CLANG_ENABLE_MODULES = YES;
				CLANG_ENABLE_OBJC_ARC = YES;
				CLANG_WARN_BOOL_CONVERSION = YES;
				CLANG_WARN_CONSTANT_CONVERSION = YES;
				CLANG_WARN_DIRECT_OBJC_ISA_USAGE = YES_ERROR;
				CLANG_WARN_EMPTY_BODY = YES;
				CLANG_WARN_ENUM_CONVERSION = YES;
				CLANG_WARN_INT_CONVERSION = YES;
				CLANG_WARN_OBJC_ROOT_CLASS = YES_ERROR;
				CLANG_WARN_UNREACHABLE_CODE = YES;
				CLANG_WARN__DUPLICATE_METHOD_MATCH = YES;
				COPY_PHASE_STRIP = NO;
				CURRENT_PROJECT_VERSION = 1;
				DEBUG_INFORMATION_FORMAT = dwarf;
				ENABLE_STRICT_OBJC_MSGSEND = YES;
				GCC_C_LANGUAGE_STANDARD = gnu99;
				GCC_DYNAMIC_NO_PIC = NO;
				GCC_NO_COMMON_BLOCKS = YES;
				GCC_OPTIMIZATION_LEVEL = 0;
				GCC_PREPROCESSOR_DEFINITIONS = (
					"DEBUG=1",
					"$(inherited)",
				);
				GCC_SYMBOLS_PRIVATE_EXTERN = NO;
				GCC_WARN_64_TO_32_BIT_CONVERSION = YES;
				GCC_WARN_ABOUT_RETURN_TYPE = YES_ERROR;
				GCC_WARN_UNDECLARED_SELECTOR = YES;
				GCC_WARN_UNINITIALIZED_AUTOS = YES_AGGRESSIVE;
				GCC_WARN_UNUSED_FUNCTION = YES;
				GCC_WARN_UNUSED_VARIABLE = YES;
				MACOSX_DEPLOYMENT_TARGET = 10.10;
				MTL_ENABLE_DEBUG_INFO = YES;
				ONLY_ACTIVE_ARCH = YES;
				SDKROOT = macosx;
				VERSIONING_SYSTEM = "apple-generic";
				VERSION_INFO_PREFIX = "";
			};
			name = Debug;
		};
		6579F98A1AE42759005E55A1 /* Release */ = {
			isa = XCBuildConfiguration;
			buildSettings = {
				ALWAYS_SEARCH_USER_PATHS = NO;
				CLANG_CXX_LANGUAGE_STANDARD = "gnu++0x";
				CLANG_CXX_LIBRARY = "libc++";
				CLANG_ENABLE_MODULES = YES;
				CLANG_ENABLE_OBJC_ARC = YES;
				CLANG_WARN_BOOL_CONVERSION = YES;
				CLANG_WARN_CONSTANT_CONVERSION = YES;
				CLANG_WARN_DIRECT_OBJC_ISA_USAGE = YES_ERROR;
				CLANG_WARN_EMPTY_BODY = YES;
				CLANG_WARN_ENUM_CONVERSION = YES;
				CLANG_WARN_INT_CONVERSION = YES;
				CLANG_WARN_OBJC_ROOT_CLASS = YES_ERROR;
				CLANG_WARN_UNREACHABLE_CODE = YES;
				CLANG_WARN__DUPLICATE_METHOD_MATCH = YES;
				COPY_PHASE_STRIP = NO;
				CURRENT_PROJECT_VERSION = 1;
				DEBUG_INFORMATION_FORMAT = "dwarf-with-dsym";
				ENABLE_NS_ASSERTIONS = NO;
				ENABLE_STRICT_OBJC_MSGSEND = YES;
				GCC_C_LANGUAGE_STANDARD = gnu99;
				GCC_NO_COMMON_BLOCKS = YES;
				GCC_WARN_64_TO_32_BIT_CONVERSION = YES;
				GCC_WARN_ABOUT_RETURN_TYPE = YES_ERROR;
				GCC_WARN_UNDECLARED_SELECTOR = YES;
				GCC_WARN_UNINITIALIZED_AUTOS = YES_AGGRESSIVE;
				GCC_WARN_UNUSED_FUNCTION = YES;
				GCC_WARN_UNUSED_VARIABLE = YES;
				MACOSX_DEPLOYMENT_TARGET = 10.10;
				MTL_ENABLE_DEBUG_INFO = NO;
				SDKROOT = macosx;
				VERSIONING_SYSTEM = "apple-generic";
				VERSION_INFO_PREFIX = "";
			};
			name = Release;
		};
		6579F98C1AE42759005E55A1 /* Debug */ = {
			isa = XCBuildConfiguration;
			buildSettings = {
				ALWAYS_SEARCH_USER_PATHS = YES;
				COMBINE_HIDPI_IMAGES = YES;
				DEFINES_MODULE = YES;
				DYLIB_COMPATIBILITY_VERSION = 1;
				DYLIB_CURRENT_VERSION = 1;
				DYLIB_INSTALL_NAME_BASE = "@rpath";
				FRAMEWORK_SEARCH_PATHS = "$(inherited)";
				FRAMEWORK_VERSION = A;
				INFOPLIST_FILE = telehash/Info.plist;
				INSTALL_PATH = "$(LOCAL_LIBRARY_DIR)/Frameworks";
				LD_RUNPATH_SEARCH_PATHS = "$(inherited) @executable_path/../Frameworks @loader_path/Frameworks";
				MACOSX_DEPLOYMENT_TARGET = 10.10;
				PRODUCT_NAME = "$(TARGET_NAME)";
				SDKROOT = macosx;
				SKIP_INSTALL = YES;
			};
			name = Debug;
		};
		6579F98D1AE42759005E55A1 /* Release */ = {
			isa = XCBuildConfiguration;
			buildSettings = {
				ALWAYS_SEARCH_USER_PATHS = YES;
				COMBINE_HIDPI_IMAGES = YES;
				DEFINES_MODULE = YES;
				DYLIB_COMPATIBILITY_VERSION = 1;
				DYLIB_CURRENT_VERSION = 1;
				DYLIB_INSTALL_NAME_BASE = "@rpath";
				FRAMEWORK_SEARCH_PATHS = "$(inherited)";
				FRAMEWORK_VERSION = A;
				INFOPLIST_FILE = telehash/Info.plist;
				INSTALL_PATH = "$(LOCAL_LIBRARY_DIR)/Frameworks";
				LD_RUNPATH_SEARCH_PATHS = "$(inherited) @executable_path/../Frameworks @loader_path/Frameworks";
				MACOSX_DEPLOYMENT_TARGET = 10.10;
				PRODUCT_NAME = "$(TARGET_NAME)";
				SDKROOT = macosx;
				SKIP_INSTALL = YES;
			};
			name = Release;
		};
		6579F98F1AE42759005E55A1 /* Debug */ = {
			isa = XCBuildConfiguration;
			buildSettings = {
				COMBINE_HIDPI_IMAGES = YES;
				FRAMEWORK_SEARCH_PATHS = (
					"$(DEVELOPER_FRAMEWORKS_DIR)",
					"$(inherited)",
				);
				GCC_PREPROCESSOR_DEFINITIONS = (
					"DEBUG=1",
					"$(inherited)",
				);
				INFOPLIST_FILE = telehashTests/Info.plist;
				LD_RUNPATH_SEARCH_PATHS = "$(inherited) @executable_path/../Frameworks @loader_path/../Frameworks";
				PRODUCT_NAME = "$(TARGET_NAME)";
			};
			name = Debug;
		};
		6579F9901AE42759005E55A1 /* Release */ = {
			isa = XCBuildConfiguration;
			buildSettings = {
				COMBINE_HIDPI_IMAGES = YES;
				FRAMEWORK_SEARCH_PATHS = "$(DEVELOPER_FRAMEWORKS_DIR)";
				INFOPLIST_FILE = telehashTests/Info.plist;
				LD_RUNPATH_SEARCH_PATHS = "$(inherited) @executable_path/../Frameworks @loader_path/../Frameworks";
				PRODUCT_NAME = "$(TARGET_NAME)";
			};
			name = Release;
		};
		65A53BE01B7D199100150176 /* Debug */ = {
			isa = XCBuildConfiguration;
			buildSettings = {
				ASSETCATALOG_COMPILER_APPICON_NAME = AppIcon;
				CODE_SIGN_IDENTITY = "-";
				COMBINE_HIDPI_IMAGES = YES;
				FRAMEWORK_SEARCH_PATHS = "$(inherited)";
				GCC_PREPROCESSOR_DEFINITIONS = (
					"DEBUG=1",
					"$(inherited)",
				);
				INFOPLIST_FILE = "Telehash Tester/Info.plist";
				LD_RUNPATH_SEARCH_PATHS = "$(inherited) @executable_path/../Frameworks";
				PRODUCT_NAME = "$(TARGET_NAME)";
			};
			name = Debug;
		};
		65A53BE11B7D199100150176 /* Release */ = {
			isa = XCBuildConfiguration;
			buildSettings = {
				ASSETCATALOG_COMPILER_APPICON_NAME = AppIcon;
				CODE_SIGN_IDENTITY = "-";
				COMBINE_HIDPI_IMAGES = YES;
				FRAMEWORK_SEARCH_PATHS = "$(inherited)";
				INFOPLIST_FILE = "Telehash Tester/Info.plist";
				LD_RUNPATH_SEARCH_PATHS = "$(inherited) @executable_path/../Frameworks";
				PRODUCT_NAME = "$(TARGET_NAME)";
			};
			name = Release;
		};
		65A53BE31B7D199100150176 /* Debug */ = {
			isa = XCBuildConfiguration;
			buildSettings = {
				BUNDLE_LOADER = "$(TEST_HOST)";
				COMBINE_HIDPI_IMAGES = YES;
				FRAMEWORK_SEARCH_PATHS = (
					"$(DEVELOPER_FRAMEWORKS_DIR)",
					"$(inherited)",
				);
				GCC_PREPROCESSOR_DEFINITIONS = (
					"DEBUG=1",
					"$(inherited)",
				);
				INFOPLIST_FILE = "Telehash TesterTests/Info.plist";
				LD_RUNPATH_SEARCH_PATHS = "$(inherited) @executable_path/../Frameworks @loader_path/../Frameworks";
				PRODUCT_NAME = "$(TARGET_NAME)";
				TEST_HOST = "$(BUILT_PRODUCTS_DIR)/Telehash Tester.app/Contents/MacOS/Telehash Tester";
			};
			name = Debug;
		};
		65A53BE41B7D199100150176 /* Release */ = {
			isa = XCBuildConfiguration;
			buildSettings = {
				BUNDLE_LOADER = "$(TEST_HOST)";
				COMBINE_HIDPI_IMAGES = YES;
				FRAMEWORK_SEARCH_PATHS = (
					"$(DEVELOPER_FRAMEWORKS_DIR)",
					"$(inherited)",
				);
				INFOPLIST_FILE = "Telehash TesterTests/Info.plist";
				LD_RUNPATH_SEARCH_PATHS = "$(inherited) @executable_path/../Frameworks @loader_path/../Frameworks";
				PRODUCT_NAME = "$(TARGET_NAME)";
				TEST_HOST = "$(BUILT_PRODUCTS_DIR)/Telehash Tester.app/Contents/MacOS/Telehash Tester";
			};
			name = Release;
		};
/* End XCBuildConfiguration section */

/* Begin XCConfigurationList section */
		6579F96F1AE42759005E55A1 /* Build configuration list for PBXProject "telehash" */ = {
			isa = XCConfigurationList;
			buildConfigurations = (
				6579F9891AE42759005E55A1 /* Debug */,
				6579F98A1AE42759005E55A1 /* Release */,
			);
			defaultConfigurationIsVisible = 0;
			defaultConfigurationName = Release;
		};
		6579F98B1AE42759005E55A1 /* Build configuration list for PBXNativeTarget "telehash" */ = {
			isa = XCConfigurationList;
			buildConfigurations = (
				6579F98C1AE42759005E55A1 /* Debug */,
				6579F98D1AE42759005E55A1 /* Release */,
			);
			defaultConfigurationIsVisible = 0;
			defaultConfigurationName = Release;
		};
		6579F98E1AE42759005E55A1 /* Build configuration list for PBXNativeTarget "telehashTests" */ = {
			isa = XCConfigurationList;
			buildConfigurations = (
				6579F98F1AE42759005E55A1 /* Debug */,
				6579F9901AE42759005E55A1 /* Release */,
			);
			defaultConfigurationIsVisible = 0;
			defaultConfigurationName = Release;
		};
		65A53BDF1B7D199100150176 /* Build configuration list for PBXNativeTarget "Telehash Tester" */ = {
			isa = XCConfigurationList;
			buildConfigurations = (
				65A53BE01B7D199100150176 /* Debug */,
				65A53BE11B7D199100150176 /* Release */,
			);
			defaultConfigurationIsVisible = 0;
			defaultConfigurationName = Release;
		};
		65A53BE21B7D199100150176 /* Build configuration list for PBXNativeTarget "Telehash TesterTests" */ = {
			isa = XCConfigurationList;
			buildConfigurations = (
				65A53BE31B7D199100150176 /* Debug */,
				65A53BE41B7D199100150176 /* Release */,
			);
			defaultConfigurationIsVisible = 0;
			defaultConfigurationName = Release;
		};
/* End XCConfigurationList section */
	};
	rootObject = 6579F96C1AE42759005E55A1 /* Project object */;
}
